PODS:
  - Alamofire (5.10.2)
  - GGXSwiftExtension (0.7.4)
  - GXSwiftNetwork (0.3.4):
    - Moya
    - PKHUD
    - SmartCodable
  - Moya (15.0.0):
    - Moya/Core (= 15.0.0)
  - Moya/Core (15.0.0):
    - Alamofire (~> 5.0)
  - PKHUD (6.0.1)
  - SmartCodable (4.3.2)

DEPENDENCIES:
  - GGXSwiftExtension
  - GXSwiftNetwork (from `../`)

SPEC REPOS:
  https://gitee.com/china_ios/cocoapods-specs.git:
    - PKHUD
  https://github.com/CocoaPods/Specs.git:
    - Alamofire
    - GGXSwiftExtension
    - Moya
    - SmartCodable

EXTERNAL SOURCES:
  GXSwiftNetwork:
    :path: "../"

SPEC CHECKSUMS:
  Alamofire: 7193b3b92c74a07f85569e1a6c4f4237291e7496
  GGXSwiftExtension: 438330b80997b69e09968004588ce41d8ff36583
  GXSwiftNetwork: c02c7817b5cd8fbcac3c4816f14b2c4e0f764a05
  Moya: 138f0573e53411fb3dc17016add0b748dfbd78ee
  PKHUD: a736d075a4d2a4c20a010f49574bc9a0958edf3d
  SmartCodable: 88fbf3d65207c2376fdbce4b080a3d578cb51be8

PODFILE CHECKSUM: ab8f72ce9667b534582e37f5aaf9d1325b86e860

COCOAPODS: 1.16.2
